{
  "requires": true,
  "lockfileVersion": 1,
  "dependencies": {
    "jsqr": {
      "version": "1.2.0",
      "resolved": "https://registry.npmjs.org/jsqr/-/jsqr-1.2.0.tgz",
      "integrity": "sha512-wKcQS9QC2VHGk7aphWCp1RrFyC0CM6fMgC5prZZ2KV/Lk6OKNoCod9IR6bao+yx3KPY0gZFC5dc+h+KFzCI0Wg=="
    },
    "qr-scanner": {
      "version": "1.1.1",
      "resolved": "https://registry.npmjs.org/qr-scanner/-/qr-scanner-1.1.1.tgz",
      "integrity": "sha512-vZmtaIpxx4rqnrg4iX62pQJ12bcIpfTEe/hL4Pr5PwQ/fih8W+ErfAZVFnnrdipeDC6L+5BfzMIqs/s6SYi4WA=="
    }
  }
}
